<?xml version="1.0" encoding="utf-8"?>
<Project ToolsVersion="4.0" xmlns="http://schemas.microsoft.com/developer/msbuild/2003">
  <ItemGroup>
    <Filter Include="Source Files">
      <UniqueIdentifier>{4FC737F1-C7A5-4376-A066-2A32D752A2FF}</UniqueIdentifier>
      <Extensions>cpp;c;cc;cxx;def;odl;idl;hpj;bat;asm;asmx</Extensions>
    </Filter>
    <Filter Include="Header Files">
      <UniqueIdentifier>{93995380-89BD-4b04-88EB-625FBE52EBFB}</UniqueIdentifier>
      <Extensions>h;hh;hpp;hxx;hm;inl;inc;ipp;xsd</Extensions>
    </Filter>
    <Filter Include="Resource Files">
      <UniqueIdentifier>{67DA6AB6-F800-4c08-8B7A-83BB121AAD01}</UniqueIdentifier>
      <Extensions>rc;ico;cur;bmp;dlg;rc2;rct;bin;rgs;gif;jpg;jpeg;jpe;resx;tiff;tif;png;wav;mfcribbon-ms</Extensions>
    </Filter>
  </ItemGroup>
  <ItemGroup>
    <ClCompile Include="Game.cpp">
      <Filter>Source Files</Filter>
    </ClCompile>
    <ClCompile Include="graphics\Window.cpp">
      <Filter>Source Files</Filter>
    </ClCompile>
    <ClCompile Include="graphics\Mesh.cpp">
      <Filter>Source Files</Filter>
    </ClCompile>
    <ClCompile Include="graphics\VertexBuffer.cpp">
      <Filter>Source Files</Filter>
    </ClCompile>
    <ClCompile Include="graphics\Shader.cpp">
      <Filter>Source Files</Filter>
    </ClCompile>
    <ClCompile Include="ticking\TickCallback.cpp">
      <Filter>Source Files</Filter>
    </ClCompile>
    <ClCompile Include="ticking\TickManager.cpp">
      <Filter>Source Files</Filter>
    </ClCompile>
  </ItemGroup>
  <ItemGroup>
    <ClInclude Include="math\vector\Vec.hpp">
      <Filter>Header Files</Filter>
    </ClInclude>
    <ClInclude Include="math\vector\Vec2.hpp">
      <Filter>Header Files</Filter>
    </ClInclude>
    <ClInclude Include="math\vector\Vec3.hpp">
      <Filter>Header Files</Filter>
    </ClInclude>
    <ClInclude Include="math\vector\Vec4.hpp">
      <Filter>Header Files</Filter>
    </ClInclude>
    <ClInclude Include="math\vector\VecOp.hpp">
      <Filter>Header Files</Filter>
    </ClInclude>
    <ClInclude Include="math\quaternion\Quat.hpp">
      <Filter>Header Files</Filter>
    </ClInclude>
    <ClInclude Include="math\matrix\MatTypes.hpp">
      <Filter>Header Files</Filter>
    </ClInclude>
    <ClInclude Include="math\matrix\MatOp.hpp">
      <Filter>Header Files</Filter>
    </ClInclude>
    <ClInclude Include="math\matrix\Mat.hpp">
      <Filter>Header Files</Filter>
    </ClInclude>
    <ClInclude Include="graphics\Window.hpp">
      <Filter>Header Files</Filter>
    </ClInclude>
    <ClInclude Include="graphics\VertexBuffer.hpp">
      <Filter>Header Files</Filter>
    </ClInclude>
    <ClInclude Include="graphics\Shader.hpp">
      <Filter>Header Files</Filter>
    </ClInclude>
    <ClInclude Include="graphics\Mesh.hpp">
      <Filter>Header Files</Filter>
    </ClInclude>
    <ClInclude Include="math\vector\VecTypes.hpp">
      <Filter>Header Files</Filter>
    </ClInclude>
    <ClInclude Include="util\FileLoader.hpp">
      <Filter>Header Files</Filter>
    </ClInclude>
    <ClInclude Include="math\Math.hpp">
      <Filter>Header Files</Filter>
    </ClInclude>
    <ClInclude Include="ticking\TickCallback.hpp">
      <Filter>Header Files</Filter>
    </ClInclude>
    <ClInclude Include="ticking\TickManager.hpp">
      <Filter>Header Files</Filter>
    </ClInclude>
    <ClInclude Include="Game.hpp">
      <Filter>Header Files</Filter>
    </ClInclude>
    <ClInclude Include="graphics\raytracing\Scene.hpp">
      <Filter>Header Files</Filter>
    </ClInclude>
    <ClInclude Include="util\registry\RegistryHandler.hpp">
      <Filter>Header Files</Filter>
    </ClInclude>
    <ClInclude Include="util\registry\Registry.hpp">
      <Filter>Header Files</Filter>
    </ClInclude>
    <ClInclude Include="util\registry\RegistryKey.hpp">
      <Filter>Header Files</Filter>
    </ClInclude>
  </ItemGroup>
  <ItemGroup>
    <None Include="resources\shaders\default\vert.glsl" />
    <None Include="resources\shaders\default\frag.glsl" />
  </ItemGroup>
</Project>